
Microsoft Visual Studio Solution File, Format Version 12.00
# Visual Studio Version 17
VisualStudioVersion = 17.12.35728.132 d17.12
MinimumVisualStudioVersion = 10.0.40219.1
Project("{FAE04EC0-301F-11D3-BF4B-00C04F79EFBC}") = "UI", "UI\UI.csproj", "{42994094-9E89-4848-B21F-D022F5C1D863}"
EndProject
Project("{FAE04EC0-301F-11D3-BF4B-00C04F79EFBC}") = "ENT", "ENT\ENT.csproj", "{0A36E4C1-C7D1-4E93-A5FD-4AB207A67361}"
EndProject
Project("{FAE04EC0-301F-11D3-BF4B-00C04F79EFBC}") = "DAL", "DAL\DAL.csproj", "{C107304A-77DD-407F-BEEF-120AAA793486}"
EndProject
Project("{FAE04EC0-301F-11D3-BF4B-00C04F79EFBC}") = "BL", "BL\BL.csproj", "{0583471A-2CBF-495F-8D18-E8AC137FEE8F}"
EndProject
Global
	GlobalSection(SolutionConfigurationPlatforms) = preSolution
		Debug|Any CPU = Debug|Any CPU
		Release|Any CPU = Release|Any CPU
	EndGlobalSection
	GlobalSection(ProjectConfigurationPlatforms) = postSolution
		{42994094-9E89-4848-B21F-D022F5C1D863}.Debug|Any CPU.ActiveCfg = Debug|Any CPU
		{42994094-9E89-4848-B21F-D022F5C1D863}.Debug|Any CPU.Build.0 = Debug|Any CPU
		{42994094-9E89-4848-B21F-D022F5C1D863}.Debug|Any CPU.Deploy.0 = Debug|Any CPU
		{42994094-9E89-4848-B21F-D022F5C1D863}.Release|Any CPU.ActiveCfg = Release|Any CPU
		{42994094-9E89-4848-B21F-D022F5C1D863}.Release|Any CPU.Build.0 = Release|Any CPU
		{42994094-9E89-4848-B21F-D022F5C1D863}.Release|Any CPU.Deploy.0 = Release|Any CPU
		{0A36E4C1-C7D1-4E93-A5FD-4AB207A67361}.Debug|Any CPU.ActiveCfg = Debug|Any CPU
		{0A36E4C1-C7D1-4E93-A5FD-4AB207A67361}.Debug|Any CPU.Build.0 = Debug|Any CPU
		{0A36E4C1-C7D1-4E93-A5FD-4AB207A67361}.Release|Any CPU.ActiveCfg = Release|Any CPU
		{0A36E4C1-C7D1-4E93-A5FD-4AB207A67361}.Release|Any CPU.Build.0 = Release|Any CPU
		{C107304A-77DD-407F-BEEF-120AAA793486}.Debug|Any CPU.ActiveCfg = Debug|Any CPU
		{C107304A-77DD-407F-BEEF-120AAA793486}.Debug|Any CPU.Build.0 = Debug|Any CPU
		{C107304A-77DD-407F-BEEF-120AAA793486}.Release|Any CPU.ActiveCfg = Release|Any CPU
		{C107304A-77DD-407F-BEEF-120AAA793486}.Release|Any CPU.Build.0 = Release|Any CPU
		{0583471A-2CBF-495F-8D18-E8AC137FEE8F}.Debug|Any CPU.ActiveCfg = Debug|Any CPU
		{0583471A-2CBF-495F-8D18-E8AC137FEE8F}.Debug|Any CPU.Build.0 = Debug|Any CPU
		{0583471A-2CBF-495F-8D18-E8AC137FEE8F}.Release|Any CPU.ActiveCfg = Release|Any CPU
		{0583471A-2CBF-495F-8D18-E8AC137FEE8F}.Release|Any CPU.Build.0 = Release|Any CPU
	EndGlobalSection
	GlobalSection(SolutionProperties) = preSolution
		HideSolutionNode = FALSE
	EndGlobalSection
EndGlobal
